
Microsoft Visual Studio Solution File, Format Version 12.00
# Visual Studio 15
VisualStudioVersion = 15.0.28307.168
MinimumVisualStudioVersion = 10.0.40219.1
Project("{FAE04EC0-301F-11D3-BF4B-00C04F79EFBC}") = "CRUDUsingADOinMVC", "CRUDUsingADOinMVC\CRUDUsingADOinMVC.csproj", "{254DED8D-5768-40C8-9681-9A495F9A931A}"
EndProject
Global
	GlobalSection(SolutionConfigurationPlatforms) = preSolution
		Debug|Any CPU = Debug|Any CPU
		Release|Any CPU = Release|Any CPU
	EndGlobalSection
	GlobalSection(ProjectConfigurationPlatforms) = postSolution
		{254DED8D-5768-40C8-9681-9A495F9A931A}.Debug|Any CPU.ActiveCfg = Debug|Any CPU
		{254DED8D-5768-40C8-9681-9A495F9A931A}.Debug|Any CPU.Build.0 = Debug|Any CPU
		{254DED8D-5768-40C8-9681-9A495F9A931A}.Release|Any CPU.ActiveCfg = Release|Any CPU
		{254DED8D-5768-40C8-9681-9A495F9A931A}.Release|Any CPU.Build.0 = Release|Any CPU
	EndGlobalSection
	GlobalSection(SolutionProperties) = preSolution
		HideSolutionNode = FALSE
	EndGlobalSection
	GlobalSection(ExtensibilityGlobals) = postSolution
		SolutionGuid = {8E75E2E1-2951-4A2B-8829-1A6C1BC158A6}
	EndGlobalSection
EndGlobal
